
Microsoft Visual Studio Solution File, Format Version 12.00
# Visual Studio Version 16
VisualStudioVersion = 16.0.30523.141
MinimumVisualStudioVersion = 10.0.40219.1
Project("{FAE04EC0-301F-11D3-BF4B-00C04F79EFBC}") = "laba2_2_TiMP", "laba2_2_TiMP.csproj", "{42B77BBB-8B63-4236-9502-478BD718D71E}"
EndProject
Global
	GlobalSection(SolutionConfigurationPlatforms) = preSolution
		Debug|Any CPU = Debug|Any CPU
		Release|Any CPU = Release|Any CPU
	EndGlobalSection
	GlobalSection(ProjectConfigurationPlatforms) = postSolution
		{42B77BBB-8B63-4236-9502-478BD718D71E}.Debug|Any CPU.ActiveCfg = Debug|Any CPU
		{42B77BBB-8B63-4236-9502-478BD718D71E}.Debug|Any CPU.Build.0 = Debug|Any CPU
		{42B77BBB-8B63-4236-9502-478BD718D71E}.Release|Any CPU.ActiveCfg = Release|Any CPU
		{42B77BBB-8B63-4236-9502-478BD718D71E}.Release|Any CPU.Build.0 = Release|Any CPU
	EndGlobalSection
	GlobalSection(SolutionProperties) = preSolution
		HideSolutionNode = FALSE
	EndGlobalSection
	GlobalSection(ExtensibilityGlobals) = postSolution
		SolutionGuid = {48C6C503-A9BE-4A58-997F-EB16F0EA6A79}
	EndGlobalSection
EndGlobal
